
Microsoft Visual Studio Solution File, Format Version 12.00
# Visual Studio Version 16
VisualStudioVersion = 16.0.31005.135
MinimumVisualStudioVersion = 10.0.40219.1
Project("{FAE04EC0-301F-11D3-BF4B-00C04F79EFBC}") = "RESTFulLinq", "RESTFulLinq\RESTFulLinq.csproj", "{5FF431BF-35C4-4BDF-B4D8-37C92C7A709D}"
EndProject
Global
	GlobalSection(SolutionConfigurationPlatforms) = preSolution
		Debug|Any CPU = Debug|Any CPU
		Release|Any CPU = Release|Any CPU
	EndGlobalSection
	GlobalSection(ProjectConfigurationPlatforms) = postSolution
		{5FF431BF-35C4-4BDF-B4D8-37C92C7A709D}.Debug|Any CPU.ActiveCfg = Debug|Any CPU
		{5FF431BF-35C4-4BDF-B4D8-37C92C7A709D}.Debug|Any CPU.Build.0 = Debug|Any CPU
		{5FF431BF-35C4-4BDF-B4D8-37C92C7A709D}.Release|Any CPU.ActiveCfg = Release|Any CPU
		{5FF431BF-35C4-4BDF-B4D8-37C92C7A709D}.Release|Any CPU.Build.0 = Release|Any CPU
	EndGlobalSection
	GlobalSection(SolutionProperties) = preSolution
		HideSolutionNode = FALSE
	EndGlobalSection
	GlobalSection(ExtensibilityGlobals) = postSolution
		SolutionGuid = {6F8FDF91-3C9B-485D-BAFE-6B8F7AD5611C}
	EndGlobalSection
EndGlobal
